// !$*UTF8*$!
{
	archiveVersion = 1;
	classes = {
	};
	objectVersion = 56;
	objects = {

/* Begin PBXBuildFile section */
		200000000000000000000101 /* AppDetailView.swift in Sources */ = {isa = PBXBuildFile; fileRef = 200000000000000000000001 /* AppDetailView.swift */; };
		200000000000000000000102 /* BookmarkStore.swift in Sources */ = {isa = PBXBuildFile; fileRef = 200000000000000000000002 /* BookmarkStore.swift */; };
		200000000000000000000103 /* ContentView.swift in Sources */ = {isa = PBXBuildFile; fileRef = 200000000000000000000003 /* ContentView.swift */; };
		200000000000000000000104 /* KeychainStore.swift in Sources */ = {isa = PBXBuildFile; fileRef = 200000000000000000000004 /* KeychainStore.swift */; };
		200000000000000000000105 /* Models.swift in Sources */ = {isa = PBXBuildFile; fileRef = 200000000000000000000005 /* Models.swift */; };
		200000000000000000000106 /* ScreenshotForgeApp.swift in Sources */ = {isa = PBXBuildFile; fileRef = 200000000000000000000006 /* ScreenshotForgeApp.swift */; };
		200000000000000000000107 /* SettingsView.swift in Sources */ = {isa = PBXBuildFile; fileRef = 200000000000000000000007 /* SettingsView.swift */; };
		200000000000000000000108 /* UploadSheet.swift in Sources */ = {isa = PBXBuildFile; fileRef = 200000000000000000000008 /* UploadSheet.swift */; };
		100000000000000000000012 /* ForgeCore in Frameworks */ = {isa = PBXBuildFile; productRef = 100000000000000000000011 /* ForgeCore */; };
/* End PBXBuildFile section */

/* Begin PBXFileReference section */
		100000000000000000000006 /* ScreenshotForge.app */ = {isa = PBXFileReference; explicitFileType = wrapper.application; includeInIndex = 0; path = ScreenshotForge.app; sourceTree = BUILT_PRODUCTS_DIR; };
		200000000000000000000001 /* AppDetailView.swift */ = {isa = PBXFileReference; lastKnownFileType = sourcecode.swift; path = AppDetailView.swift; sourceTree = "<group>"; };
		200000000000000000000002 /* BookmarkStore.swift */ = {isa = PBXFileReference; lastKnownFileType = sourcecode.swift; path = BookmarkStore.swift; sourceTree = "<group>"; };
		200000000000000000000003 /* ContentView.swift */ = {isa = PBXFileReference; lastKnownFileType = sourcecode.swift; path = ContentView.swift; sourceTree = "<group>"; };
		200000000000000000000004 /* KeychainStore.swift */ = {isa = PBXFileReference; lastKnownFileType = sourcecode.swift; path = KeychainStore.swift; sourceTree = "<group>"; };
		200000000000000000000005 /* Models.swift */ = {isa = PBXFileReference; lastKnownFileType = sourcecode.swift; path = Models.swift; sourceTree = "<group>"; };
		200000000000000000000006 /* ScreenshotForgeApp.swift */ = {isa = PBXFileReference; lastKnownFileType = sourcecode.swift; path = ScreenshotForgeApp.swift; sourceTree = "<group>"; };
		200000000000000000000007 /* SettingsView.swift */ = {isa = PBXFileReference; lastKnownFileType = sourcecode.swift; path = SettingsView.swift; sourceTree = "<group>"; };
		200000000000000000000008 /* UploadSheet.swift */ = {isa = PBXFileReference; lastKnownFileType = sourcecode.swift; path = UploadSheet.swift; sourceTree = "<group>"; };
		200000000000000000000009 /* ScreenshotForge.entitlements */ = {isa = PBXFileReference; lastKnownFileType = text.plist.entitlements; path = ScreenshotForge.entitlements; sourceTree = "<group>"; };
/* End PBXFileReference section */

/* Begin PBXFrameworksBuildPhase section */
		100000000000000000000008 /* Frameworks */ = {
			isa = PBXFrameworksBuildPhase;
			buildActionMask = 2147483647;
			files = (
				100000000000000000000012 /* ForgeCore in Frameworks */,
			);
			runOnlyForDeploymentPostprocessing = 0;
		};
/* End PBXFrameworksBuildPhase section */

/* Begin PBXGroup section */
		100000000000000000000002 = {
			isa = PBXGroup;
			children = (
				100000000000000000000003 /* App */,
				100000000000000000000004 /* Products */,
			);
			sourceTree = "<group>";
		};
		100000000000000000000003 /* App */ = {
			isa = PBXGroup;
			children = (
				200000000000000000000006 /* ScreenshotForgeApp.swift */,
				200000000000000000000005 /* Models.swift */,
				200000000000000000000002 /* BookmarkStore.swift */,
				200000000000000000000004 /* KeychainStore.swift */,
				200000000000000000000003 /* ContentView.swift */,
				200000000000000000000001 /* AppDetailView.swift */,
				200000000000000000000008 /* UploadSheet.swift */,
				200000000000000000000007 /* SettingsView.swift */,
				200000000000000000000009 /* ScreenshotForge.entitlements */,
			);
			path = App;
			sourceTree = "<group>";
		};
		100000000000000000000004 /* Products */ = {
			isa = PBXGroup;
			children = (
				100000000000000000000006 /* ScreenshotForge.app */,
			);
			name = Products;
			sourceTree = "<group>";
		};
/* End PBXGroup section */

/* Begin PBXNativeTarget section */
		100000000000000000000005 /* ScreenshotForge */ = {
			isa = PBXNativeTarget;
			buildConfigurationList = 10000000000000000000000B /* Build configuration list for PBXNativeTarget "ScreenshotForge" */;
			buildPhases = (
				100000000000000000000007 /* Sources */,
				100000000000000000000008 /* Frameworks */,
				100000000000000000000009 /* Resources */,
			);
			buildRules = (
			);
			dependencies = (
			);
			name = ScreenshotForge;
			packageProductDependencies = (
				100000000000000000000011 /* ForgeCore */,
			);
			productName = ScreenshotForge;
			productReference = 100000000000000000000006 /* ScreenshotForge.app */;
			productType = "com.apple.product-type.application";
		};
/* End PBXNativeTarget section */

/* Begin PBXProject section */
		100000000000000000000001 /* Project object */ = {
			isa = PBXProject;
			attributes = {
				BuildIndependentTargetsInParallel = 1;
				LastSwiftUpdateCheck = 1520;
				LastUpgradeCheck = 1520;
				TargetAttributes = {
					100000000000000000000005 = {
						CreatedOnToolsVersion = 15.2;
					};
				};
			};
			buildConfigurationList = 10000000000000000000000A /* Build configuration list for PBXProject "ScreenshotForge" */;
			compatibilityVersion = "Xcode 14.0";
			developmentRegion = en;
			hasScannedForEncodings = 0;
			knownRegions = (
				en,
				Base,
			);
			mainGroup = 100000000000000000000002;
			packageReferences = (
				100000000000000000000010 /* XCLocalSwiftPackageReference "ForgeCore" */,
			);
			productRefGroup = 100000000000000000000004 /* Products */;
			projectDirPath = "";
			projectRoot = "";
			targets = (
				100000000000000000000005 /* ScreenshotForge */,
			);
		};
/* End PBXProject section */

/* Begin PBXResourcesBuildPhase section */
		100000000000000000000009 /* Resources */ = {
			isa = PBXResourcesBuildPhase;
			buildActionMask = 2147483647;
			files = (
			);
			runOnlyForDeploymentPostprocessing = 0;
		};
/* End PBXResourcesBuildPhase section */

/* Begin PBXSourcesBuildPhase section */
		100000000000000000000007 /* Sources */ = {
			isa = PBXSourcesBuildPhase;
			buildActionMask = 2147483647;
			files = (
				200000000000000000000106 /* ScreenshotForgeApp.swift in Sources */,
				200000000000000000000105 /* Models.swift in Sources */,
				200000000000000000000102 /* BookmarkStore.swift in Sources */,
				200000000000000000000104 /* KeychainStore.swift in Sources */,
				200000000000000000000103 /* ContentView.swift in Sources */,
				200000000000000000000101 /* AppDetailView.swift in Sources */,
				200000000000000000000108 /* UploadSheet.swift in Sources */,
				200000000000000000000107 /* SettingsView.swift in Sources */,
			);
			runOnlyForDeploymentPostprocessing = 0;
		};
/* End PBXSourcesBuildPhase section */

/* Begin XCBuildConfiguration section */
		10000000000000000000000C /* Debug */ = {
			isa = XCBuildConfiguration;
			buildSettings = {
				ALWAYS_SEARCH_USER_PATHS = NO;
				CLANG_ANALYZER_NONNULL = YES;
				CLANG_ENABLE_MODULES = YES;
				CLANG_ENABLE_OBJC_ARC = YES;
				CLANG_WARN_BOOL_CONVERSION = YES;
				CLANG_WARN_DOCUMENTATION_COMMENTS = YES;
				CLANG_WARN_UNGUARDED_AVAILABILITY = YES_AGGRESSIVE;
				COPY_PHASE_STRIP = NO;
				DEBUG_INFORMATION_FORMAT = dwarf;
				ENABLE_STRICT_OBJC_MSGSEND = YES;
				ENABLE_TESTABILITY = YES;
				GCC_DYNAMIC_NO_PIC = NO;
				GCC_OPTIMIZATION_LEVEL = 0;
				GCC_PREPROCESSOR_DEFINITIONS = (
					"DEBUG=1",
					"$(inherited)",
				);
				MACOSX_DEPLOYMENT_TARGET = 14.0;
				MTL_ENABLE_DEBUG_INFO = INCLUDE_SOURCE;
				ONLY_ACTIVE_ARCH = YES;
				SDKROOT = macosx;
				SWIFT_ACTIVE_COMPILATION_CONDITIONS = DEBUG;
				SWIFT_OPTIMIZATION_LEVEL = "-Onone";
			};
			name = Debug;
		};
		10000000000000000000000D /* Release */ = {
			isa = XCBuildConfiguration;
			buildSettings = {
				ALWAYS_SEARCH_USER_PATHS = NO;
				CLANG_ANALYZER_NONNULL = YES;
				CLANG_ENABLE_MODULES = YES;
				CLANG_ENABLE_OBJC_ARC = YES;
				CLANG_WARN_BOOL_CONVERSION = YES;
				CLANG_WARN_DOCUMENTATION_COMMENTS = YES;
				CLANG_WARN_UNGUARDED_AVAILABILITY = YES_AGGRESSIVE;
				COPY_PHASE_STRIP = NO;
				DEBUG_INFORMATION_FORMAT = "dwarf-with-dsym";
				ENABLE_NS_ASSERTIONS = NO;
				ENABLE_STRICT_OBJC_MSGSEND = YES;
				MACOSX_DEPLOYMENT_TARGET = 14.0;
				MTL_ENABLE_DEBUG_INFO = NO;
				SDKROOT = macosx;
				SWIFT_COMPILATION_MODE = wholemodule;
				SWIFT_OPTIMIZATION_LEVEL = "-O";
			};
			name = Release;
		};
		10000000000000000000000E /* Debug */ = {
			isa = XCBuildConfiguration;
			buildSettings = {
				ASSETCATALOG_COMPILER_GENERATE_SWIFT_ASSET_SYMBOL_EXTENSIONS = YES;
				CODE_SIGN_STYLE = Automatic;
				COMBINE_HIDPI_IMAGES = YES;
				CURRENT_PROJECT_VERSION = 7;
				ENABLE_HARDENED_RUNTIME = YES;
				GENERATE_INFOPLIST_FILE = YES;
				INFOPLIST_KEY_LSApplicationCategoryType = "public.app-category.developer-tools";
				INFOPLIST_KEY_NSHumanReadableCopyright = "";
				LD_RUNPATH_SEARCH_PATHS = (
					"$(inherited)",
					"@executable_path/../Frameworks",
				);
				MARKETING_VERSION = 0.7.0;
				PRODUCT_BUNDLE_IDENTIFIER = com.alejandrocordon.screenshotforge;
				PRODUCT_NAME = "$(TARGET_NAME)";
				SWIFT_EMIT_LOC_STRINGS = YES;
				SWIFT_VERSION = 5.0;
			};
			name = Debug;
		};
		10000000000000000000000F /* Release */ = {
			isa = XCBuildConfiguration;
			buildSettings = {
				ASSETCATALOG_COMPILER_GENERATE_SWIFT_ASSET_SYMBOL_EXTENSIONS = YES;
				CODE_SIGN_STYLE = Automatic;
				COMBINE_HIDPI_IMAGES = YES;
				CURRENT_PROJECT_VERSION = 7;
				ENABLE_HARDENED_RUNTIME = YES;
				GENERATE_INFOPLIST_FILE = YES;
				INFOPLIST_KEY_LSApplicationCategoryType = "public.app-category.developer-tools";
				INFOPLIST_KEY_NSHumanReadableCopyright = "";
				LD_RUNPATH_SEARCH_PATHS = (
					"$(inherited)",
					"@executable_path/../Frameworks",
				);
				MARKETING_VERSION = 0.7.0;
				PRODUCT_BUNDLE_IDENTIFIER = com.alejandrocordon.screenshotforge;
				PRODUCT_NAME = "$(TARGET_NAME)";
				SWIFT_EMIT_LOC_STRINGS = YES;
				SWIFT_VERSION = 5.0;
			};
			name = Release;
		};
/* End XCBuildConfiguration section */

/* Begin XCConfigurationList section */
		10000000000000000000000A /* Build configuration list for PBXProject "ScreenshotForge" */ = {
			isa = XCConfigurationList;
			buildConfigurations = (
				10000000000000000000000C /* Debug */,
				10000000000000000000000D /* Release */,
			);
			defaultConfigurationIsVisible = 0;
			defaultConfigurationName = Release;
		};
		10000000000000000000000B /* Build configuration list for PBXNativeTarget "ScreenshotForge" */ = {
			isa = XCConfigurationList;
			buildConfigurations = (
				10000000000000000000000E /* Debug */,
				10000000000000000000000F /* Release */,
			);
			defaultConfigurationIsVisible = 0;
			defaultConfigurationName = Release;
		};
/* End XCConfigurationList section */

/* Begin XCLocalSwiftPackageReference section */
		100000000000000000000010 /* XCLocalSwiftPackageReference "ForgeCore" */ = {
			isa = XCLocalSwiftPackageReference;
			relativePath = ForgeCore;
		};
/* End XCLocalSwiftPackageReference section */

/* Begin XCSwiftPackageProductDependency section */
		100000000000000000000011 /* ForgeCore */ = {
			isa = XCSwiftPackageProductDependency;
			productName = ForgeCore;
		};
/* End XCSwiftPackageProductDependency section */
	};
	rootObject = 100000000000000000000001 /* Project object */;
}
